
Microsoft Visual Studio Solution File, Format Version 12.00
# Visual Studio Version 16
VisualStudioVersion = 16.0.30503.244
MinimumVisualStudioVersion = 10.0.40219.1
Project("{FAE04EC0-301F-11D3-BF4B-00C04F79EFBC}") = "GSM_NBIoT_Module", "GSM_NBIoT_Module.csproj", "{7F3BFBC1-A832-423B-A88E-015867A62AEF}"
EndProject
Project("{FAE04EC0-301F-11D3-BF4B-00C04F79EFBC}") = "TEST_GSM_NBIoT_Module", "..\TEST_GSM_NBIoT_Module\TEST_GSM_NBIoT_Module\TEST_GSM_NBIoT_Module.csproj", "{787AF57E-0505-4831-9012-0DAD644A3969}"
EndProject
Global
	GlobalSection(SolutionConfigurationPlatforms) = preSolution
		Debug|Any CPU = Debug|Any CPU
		Debug|x86 = Debug|x86
		Release|Any CPU = Release|Any CPU
		Release|x86 = Release|x86
	EndGlobalSection
	GlobalSection(ProjectConfigurationPlatforms) = postSolution
		{7F3BFBC1-A832-423B-A88E-015867A62AEF}.Debug|Any CPU.ActiveCfg = Debug|Any CPU
		{7F3BFBC1-A832-423B-A88E-015867A62AEF}.Debug|Any CPU.Build.0 = Debug|Any CPU
		{7F3BFBC1-A832-423B-A88E-015867A62AEF}.Debug|x86.ActiveCfg = Debug|Any CPU
		{7F3BFBC1-A832-423B-A88E-015867A62AEF}.Debug|x86.Build.0 = Debug|Any CPU
		{7F3BFBC1-A832-423B-A88E-015867A62AEF}.Release|Any CPU.ActiveCfg = Release|Any CPU
		{7F3BFBC1-A832-423B-A88E-015867A62AEF}.Release|Any CPU.Build.0 = Release|Any CPU
		{7F3BFBC1-A832-423B-A88E-015867A62AEF}.Release|x86.ActiveCfg = Release|Any CPU
		{7F3BFBC1-A832-423B-A88E-015867A62AEF}.Release|x86.Build.0 = Release|Any CPU
		{787AF57E-0505-4831-9012-0DAD644A3969}.Debug|Any CPU.ActiveCfg = Debug|Any CPU
		{787AF57E-0505-4831-9012-0DAD644A3969}.Debug|Any CPU.Build.0 = Debug|Any CPU
		{787AF57E-0505-4831-9012-0DAD644A3969}.Debug|x86.ActiveCfg = Debug|Any CPU
		{787AF57E-0505-4831-9012-0DAD644A3969}.Debug|x86.Build.0 = Debug|Any CPU
		{787AF57E-0505-4831-9012-0DAD644A3969}.Release|Any CPU.ActiveCfg = Release|Any CPU
		{787AF57E-0505-4831-9012-0DAD644A3969}.Release|Any CPU.Build.0 = Release|Any CPU
		{787AF57E-0505-4831-9012-0DAD644A3969}.Release|x86.ActiveCfg = Release|Any CPU
		{787AF57E-0505-4831-9012-0DAD644A3969}.Release|x86.Build.0 = Release|Any CPU
	EndGlobalSection
	GlobalSection(SolutionProperties) = preSolution
		HideSolutionNode = FALSE
	EndGlobalSection
	GlobalSection(ExtensibilityGlobals) = postSolution
		SolutionGuid = {3CF434C2-FD3A-44CF-ADE8-380D72D855C9}
	EndGlobalSection
EndGlobal
